
Microsoft Visual Studio Solution File, Format Version 11.00
# Visual Studio 2010
Project("{FAE04EC0-301F-11D3-BF4B-00C04F79EFBC}") = "Coticula.Web", "Coticula.Web\Coticula.Web.csproj", "{86062CE8-C9E7-42CA-B98A-12E4AB162DB5}"
EndProject
Project("{FAE04EC0-301F-11D3-BF4B-00C04F79EFBC}") = "Coticula.Web.Tests", "Coticula.Web.Tests\Coticula.Web.Tests.csproj", "{2AE39494-B533-4EB8-B6ED-3D30A8381D13}"
EndProject
Project("{FAE04EC0-301F-11D3-BF4B-00C04F79EFBC}") = "Coticula.DTO", "Coticula.DTO\Coticula.DTO.csproj", "{40272F33-01B4-4E2F-B020-84DE8310780F}"
EndProject
Project("{FAE04EC0-301F-11D3-BF4B-00C04F79EFBC}") = "Coticula.DTO.Tests", "Coticula.DTO.Tests\Coticula.DTO.Tests.csproj", "{5FCD61B4-5DC9-4D6F-871B-25A0EFC67261}"
EndProject
Project("{FAE04EC0-301F-11D3-BF4B-00C04F79EFBC}") = "Coticula.Core", "Coticula.Core\Coticula.Core.csproj", "{9FA09BC5-5BA3-4C9C-A4E5-61E310A7B17A}"
EndProject
Project("{FAE04EC0-301F-11D3-BF4B-00C04F79EFBC}") = "Coticula.Core.Tests", "Coticula.Core.Tests\Coticula.Core.Tests.csproj", "{C7E3517E-685B-492B-A58E-60853D41BE5E}"
EndProject
Project("{FAE04EC0-301F-11D3-BF4B-00C04F79EFBC}") = "Coticula.Protex", "Coticula.Protex\Coticula.Protex.csproj", "{0B4C1701-ACAE-4197-9AB2-BD409B4875C7}"
EndProject
Project("{FAE04EC0-301F-11D3-BF4B-00C04F79EFBC}") = "Coticula.Protex.Tests", "Coticula.Protex.Tests\Coticula.Protex.Tests.csproj", "{C7FA2707-77FD-46DD-BCD1-4F2DCBD11E58}"
EndProject
Global
	GlobalSection(SolutionConfigurationPlatforms) = preSolution
		Debug|Any CPU = Debug|Any CPU
		Release|Any CPU = Release|Any CPU
	EndGlobalSection
	GlobalSection(ProjectConfigurationPlatforms) = postSolution
		{86062CE8-C9E7-42CA-B98A-12E4AB162DB5}.Debug|Any CPU.ActiveCfg = Debug|Any CPU
		{86062CE8-C9E7-42CA-B98A-12E4AB162DB5}.Debug|Any CPU.Build.0 = Debug|Any CPU
		{86062CE8-C9E7-42CA-B98A-12E4AB162DB5}.Release|Any CPU.ActiveCfg = Release|Any CPU
		{86062CE8-C9E7-42CA-B98A-12E4AB162DB5}.Release|Any CPU.Build.0 = Release|Any CPU
		{2AE39494-B533-4EB8-B6ED-3D30A8381D13}.Debug|Any CPU.ActiveCfg = Debug|Any CPU
		{2AE39494-B533-4EB8-B6ED-3D30A8381D13}.Debug|Any CPU.Build.0 = Debug|Any CPU
		{2AE39494-B533-4EB8-B6ED-3D30A8381D13}.Release|Any CPU.ActiveCfg = Release|Any CPU
		{2AE39494-B533-4EB8-B6ED-3D30A8381D13}.Release|Any CPU.Build.0 = Release|Any CPU
		{40272F33-01B4-4E2F-B020-84DE8310780F}.Debug|Any CPU.ActiveCfg = Debug|Any CPU
		{40272F33-01B4-4E2F-B020-84DE8310780F}.Debug|Any CPU.Build.0 = Debug|Any CPU
		{40272F33-01B4-4E2F-B020-84DE8310780F}.Release|Any CPU.ActiveCfg = Release|Any CPU
		{40272F33-01B4-4E2F-B020-84DE8310780F}.Release|Any CPU.Build.0 = Release|Any CPU
		{5FCD61B4-5DC9-4D6F-871B-25A0EFC67261}.Debug|Any CPU.ActiveCfg = Debug|Any CPU
		{5FCD61B4-5DC9-4D6F-871B-25A0EFC67261}.Debug|Any CPU.Build.0 = Debug|Any CPU
		{5FCD61B4-5DC9-4D6F-871B-25A0EFC67261}.Release|Any CPU.ActiveCfg = Release|Any CPU
		{5FCD61B4-5DC9-4D6F-871B-25A0EFC67261}.Release|Any CPU.Build.0 = Release|Any CPU
		{9FA09BC5-5BA3-4C9C-A4E5-61E310A7B17A}.Debug|Any CPU.ActiveCfg = Debug|Any CPU
		{9FA09BC5-5BA3-4C9C-A4E5-61E310A7B17A}.Debug|Any CPU.Build.0 = Debug|Any CPU
		{9FA09BC5-5BA3-4C9C-A4E5-61E310A7B17A}.Release|Any CPU.ActiveCfg = Release|Any CPU
		{9FA09BC5-5BA3-4C9C-A4E5-61E310A7B17A}.Release|Any CPU.Build.0 = Release|Any CPU
		{C7E3517E-685B-492B-A58E-60853D41BE5E}.Debug|Any CPU.ActiveCfg = Debug|Any CPU
		{C7E3517E-685B-492B-A58E-60853D41BE5E}.Debug|Any CPU.Build.0 = Debug|Any CPU
		{C7E3517E-685B-492B-A58E-60853D41BE5E}.Release|Any CPU.ActiveCfg = Release|Any CPU
		{C7E3517E-685B-492B-A58E-60853D41BE5E}.Release|Any CPU.Build.0 = Release|Any CPU
		{0B4C1701-ACAE-4197-9AB2-BD409B4875C7}.Debug|Any CPU.ActiveCfg = Debug|Any CPU
		{0B4C1701-ACAE-4197-9AB2-BD409B4875C7}.Debug|Any CPU.Build.0 = Debug|Any CPU
		{0B4C1701-ACAE-4197-9AB2-BD409B4875C7}.Release|Any CPU.ActiveCfg = Release|Any CPU
		{0B4C1701-ACAE-4197-9AB2-BD409B4875C7}.Release|Any CPU.Build.0 = Release|Any CPU
		{C7FA2707-77FD-46DD-BCD1-4F2DCBD11E58}.Debug|Any CPU.ActiveCfg = Debug|Any CPU
		{C7FA2707-77FD-46DD-BCD1-4F2DCBD11E58}.Debug|Any CPU.Build.0 = Debug|Any CPU
		{C7FA2707-77FD-46DD-BCD1-4F2DCBD11E58}.Release|Any CPU.ActiveCfg = Release|Any CPU
		{C7FA2707-77FD-46DD-BCD1-4F2DCBD11E58}.Release|Any CPU.Build.0 = Release|Any CPU
	EndGlobalSection
	GlobalSection(SolutionProperties) = preSolution
		HideSolutionNode = FALSE
	EndGlobalSection
EndGlobal
